PODS:
  - Alamofire (2.0.0-beta.1)
  - CRToast (0.0.7)
  - HanekeSwift (0.9.1)
  - SSKeychain (1.2.3)
  - SwiftValidator (2.1.1)
  - SwiftyJSON (2.2.0)

DEPENDENCIES:
  - Alamofire (= 2.0.0-beta.1)
  - CRToast (~> 0.0.7)
  - HanekeSwift (from `https://github.com/meteochu/HanekeSwift.git`, branch `swift-2.0`)
  - SSKeychain (~> 1.2.3)
  - SwiftValidator (from `https://github.com/dcunited001/SwiftValidator.git`, commit
    `461cc88671f2d29462f3f2a8b9f01f6137845332`)
  - SwiftyJSON (from `https://github.com/SwiftyJSON/SwiftyJSON.git`, branch `xcode7`)

EXTERNAL SOURCES:
  HanekeSwift:
    :branch: swift-2.0
    :git: https://github.com/meteochu/HanekeSwift.git
  SwiftValidator:
    :commit: 461cc88671f2d29462f3f2a8b9f01f6137845332
    :git: https://github.com/dcunited001/SwiftValidator.git
  SwiftyJSON:
    :branch: xcode7
    :git: https://github.com/SwiftyJSON/SwiftyJSON.git

CHECKOUT OPTIONS:
  HanekeSwift:
    :commit: 58d7e2e5590b8767a76c6b2131e1fa28b72ff894
    :git: https://github.com/meteochu/HanekeSwift.git
  SwiftValidator:
    :commit: 461cc88671f2d29462f3f2a8b9f01f6137845332
    :git: https://github.com/dcunited001/SwiftValidator.git
  SwiftyJSON:
    :commit: fb9f6b43cd8d3684c3129793057eb2a2564e2430
    :git: https://github.com/SwiftyJSON/SwiftyJSON.git

SPEC CHECKSUMS:
  Alamofire: 96feccc1e48a735edb92395cf023ba4ed52bdb45
  CRToast: 99a28f4387def43b439ad88f957ce31357ff7373
  HanekeSwift: 50d37bfbc4432edc649167e538c259feccb4a2bb
  SSKeychain: 3f42991739c6c60a9cf1bbd4dff6c0d3694bcf3d
  SwiftValidator: 79936ea870f1dba8a0824763375375bb209fe30d
  SwiftyJSON: 0b3e6c07af17ff745e77e8e9984097b55c956e5c

COCOAPODS: 0.38.2
