// !$*UTF8*$!
{
	archiveVersion = 1;
	classes = {
	};
	objectVersion = 46;
	objects = {

/* Begin PBXBuildFile section */
		183E106C673B3145022B1C62 /* Pods_Voxxel.framework in Frameworks */ = {isa = PBXBuildFile; fileRef = 24164DEBFD3F0F31AE84D169 /* Pods_Voxxel.framework */; settings = {ATTRIBUTES = (Weak, ); }; };
		431AA00E1B2FA94700D52CC7 /* AuthService.swift in Sources */ = {isa = PBXBuildFile; fileRef = 431AA00D1B2FA94700D52CC7 /* AuthService.swift */; };
		43E97AEA1B294154004CC7ED /* DevelopmentConfig.plist in Resources */ = {isa = PBXBuildFile; fileRef = 43E97AE91B294154004CC7ED /* DevelopmentConfig.plist */; };
		43E97AEC1B294164004CC7ED /* StagingConfig.plist in Resources */ = {isa = PBXBuildFile; fileRef = 43E97AEB1B294164004CC7ED /* StagingConfig.plist */; };
		43E97AEE1B294175004CC7ED /* ProductionConfig.plist in Resources */ = {isa = PBXBuildFile; fileRef = 43E97AED1B294175004CC7ED /* ProductionConfig.plist */; };
		43E97AF01B294F96004CC7ED /* Voxxel-Bridging-Header.h in Sources */ = {isa = PBXBuildFile; fileRef = 43E97AEF1B294F96004CC7ED /* Voxxel-Bridging-Header.h */; };
		43FBC02B1B2DED4500B0094C /* SignupViewController.swift in Sources */ = {isa = PBXBuildFile; fileRef = 43FBC02A1B2DED4500B0094C /* SignupViewController.swift */; };
		43FBF2281B312CD300E97C79 /* Config.swift in Sources */ = {isa = PBXBuildFile; fileRef = 43FBF2271B312CD300E97C79 /* Config.swift */; };
		43FF93291B38D62900246A70 /* ArtistService.swift in Sources */ = {isa = PBXBuildFile; fileRef = 43FF93281B38D62900246A70 /* ArtistService.swift */; };
		43FF932B1B3A648B00246A70 /* ApiHelper.swift in Sources */ = {isa = PBXBuildFile; fileRef = 43FF932A1B3A648B00246A70 /* ApiHelper.swift */; };
		43FF932D1B3A705900246A70 /* User.swift in Sources */ = {isa = PBXBuildFile; fileRef = 43FF932C1B3A705900246A70 /* User.swift */; };
		43FF932F1B3A75C600246A70 /* Artist.swift in Sources */ = {isa = PBXBuildFile; fileRef = 43FF932E1B3A75C600246A70 /* Artist.swift */; };
		43FF93311B3A783300246A70 /* Sound.swift in Sources */ = {isa = PBXBuildFile; fileRef = 43FF93301B3A783300246A70 /* Sound.swift */; };
		C7F2D5F4A846B072F5C9029C /* AccessTokenModel.swift in Sources */ = {isa = PBXBuildFile; fileRef = C7F04D48D8D484008B84E4EE /* AccessTokenModel.swift */; };
		C7F2DE28E51370E1A52CA9A5 /* LoginViewController.swift in Sources */ = {isa = PBXBuildFile; fileRef = C7FC8CD49C6A25C71D24A37E /* LoginViewController.swift */; };
		C7F3B3D78915694EFCFD10BB /* Images.xcassets in Resources */ = {isa = PBXBuildFile; fileRef = C7FFB27ECFE21F8B6288AB2A /* Images.xcassets */; };
		C7F3EBC4AAC54631177E07B5 /* VoxxelTests.swift in Sources */ = {isa = PBXBuildFile; fileRef = C7F9BC796228217F0A943F9F /* VoxxelTests.swift */; };
		C7F9978C698368E77344B62F /* AuthManager.swift in Sources */ = {isa = PBXBuildFile; fileRef = C7F4DC952B1CA01AC02CD56A /* AuthManager.swift */; };
		C7FD11C12246F2214CC7387B /* LaunchScreen.xib in Resources */ = {isa = PBXBuildFile; fileRef = C7FC5FED1C2FB0D9C0533A00 /* LaunchScreen.xib */; };
		C7FE34A036ACE77126808871 /* Main.storyboard in Resources */ = {isa = PBXBuildFile; fileRef = C7FEC1F5F66422A22B6931CA /* Main.storyboard */; };
		C7FEA8B48D140BB55E2FBF7F /* ViewController.swift in Sources */ = {isa = PBXBuildFile; fileRef = C7FF6F5A425142898BDF04A0 /* ViewController.swift */; };
		C7FEEB36656F4E3F09161E24 /* AppDelegate.swift in Sources */ = {isa = PBXBuildFile; fileRef = C7FD591EA60B4AA9EED49104 /* AppDelegate.swift */; };
		C7FFB87E6BB653E9BD308AF9 /* README.md in Resources */ = {isa = PBXBuildFile; fileRef = C7FA09A5D177650456FF4806 /* README.md */; };
/* End PBXBuildFile section */

/* Begin PBXContainerItemProxy section */
		C7F6FA7A564ED710E9502EC3 /* PBXContainerItemProxy */ = {
			isa = PBXContainerItemProxy;
			containerPortal = C7F4A6B2809577352AF0C92B /* Project object */;
			proxyType = 1;
			remoteGlobalIDString = C7F1E4C61CB0A9C4C1F40E97;
			remoteInfo = Voxxel;
		};
/* End PBXContainerItemProxy section */

/* Begin PBXFileReference section */
		24164DEBFD3F0F31AE84D169 /* Pods_Voxxel.framework */ = {isa = PBXFileReference; explicitFileType = wrapper.framework; includeInIndex = 0; path = Pods_Voxxel.framework; sourceTree = BUILT_PRODUCTS_DIR; };
		431AA00D1B2FA94700D52CC7 /* AuthService.swift */ = {isa = PBXFileReference; fileEncoding = 4; lastKnownFileType = sourcecode.swift; path = AuthService.swift; sourceTree = "<group>"; };
		43E97AE91B294154004CC7ED /* DevelopmentConfig.plist */ = {isa = PBXFileReference; fileEncoding = 4; lastKnownFileType = text.plist.xml; path = DevelopmentConfig.plist; sourceTree = "<group>"; };
		43E97AEB1B294164004CC7ED /* StagingConfig.plist */ = {isa = PBXFileReference; fileEncoding = 4; lastKnownFileType = text.plist.xml; path = StagingConfig.plist; sourceTree = "<group>"; };
		43E97AED1B294175004CC7ED /* ProductionConfig.plist */ = {isa = PBXFileReference; fileEncoding = 4; lastKnownFileType = text.plist.xml; path = ProductionConfig.plist; sourceTree = "<group>"; };
		43E97AEF1B294F96004CC7ED /* Voxxel-Bridging-Header.h */ = {isa = PBXFileReference; fileEncoding = 4; lastKnownFileType = sourcecode.c.h; path = "Voxxel-Bridging-Header.h"; sourceTree = "<group>"; };
		43FBC02A1B2DED4500B0094C /* SignupViewController.swift */ = {isa = PBXFileReference; fileEncoding = 4; lastKnownFileType = sourcecode.swift; path = SignupViewController.swift; sourceTree = "<group>"; };
		43FBF2271B312CD300E97C79 /* Config.swift */ = {isa = PBXFileReference; fileEncoding = 4; lastKnownFileType = sourcecode.swift; path = Config.swift; sourceTree = "<group>"; };
		43FF93281B38D62900246A70 /* ArtistService.swift */ = {isa = PBXFileReference; fileEncoding = 4; lastKnownFileType = sourcecode.swift; path = ArtistService.swift; sourceTree = "<group>"; };
		43FF932A1B3A648B00246A70 /* ApiHelper.swift */ = {isa = PBXFileReference; fileEncoding = 4; lastKnownFileType = sourcecode.swift; path = ApiHelper.swift; sourceTree = "<group>"; };
		43FF932C1B3A705900246A70 /* User.swift */ = {isa = PBXFileReference; fileEncoding = 4; lastKnownFileType = sourcecode.swift; path = User.swift; sourceTree = "<group>"; };
		43FF932E1B3A75C600246A70 /* Artist.swift */ = {isa = PBXFileReference; fileEncoding = 4; lastKnownFileType = sourcecode.swift; path = Artist.swift; sourceTree = "<group>"; };
		43FF93301B3A783300246A70 /* Sound.swift */ = {isa = PBXFileReference; fileEncoding = 4; lastKnownFileType = sourcecode.swift; path = Sound.swift; sourceTree = "<group>"; };
		9E0565A60ADBE83E04E51E5E /* Pods-Voxxel.production.xcconfig */ = {isa = PBXFileReference; includeInIndex = 1; lastKnownFileType = text.xcconfig; name = "Pods-Voxxel.production.xcconfig"; path = "Pods/Target Support Files/Pods-Voxxel/Pods-Voxxel.production.xcconfig"; sourceTree = "<group>"; };
		C19112CED7D9D4FC93362B84 /* Pods-Voxxel.development.xcconfig */ = {isa = PBXFileReference; includeInIndex = 1; lastKnownFileType = text.xcconfig; name = "Pods-Voxxel.development.xcconfig"; path = "Pods/Target Support Files/Pods-Voxxel/Pods-Voxxel.development.xcconfig"; sourceTree = "<group>"; };
		C7F02D2D1857C9757EC91F44 /* Base */ = {isa = PBXFileReference; lastKnownFileType = file.xib; name = Base; path = Base.lproj/LaunchScreen.xib; sourceTree = "<group>"; };
		C7F04D48D8D484008B84E4EE /* AccessTokenModel.swift */ = {isa = PBXFileReference; fileEncoding = 4; lastKnownFileType = sourcecode.swift; path = AccessTokenModel.swift; sourceTree = "<group>"; };
		C7F0DDB0D7D0E892DDE70CAB /* Info.plist */ = {isa = PBXFileReference; lastKnownFileType = text.plist.info; path = Info.plist; sourceTree = "<group>"; };
		C7F15AB7AB917169771DF234 /* Voxxel.app */ = {isa = PBXFileReference; explicitFileType = wrapper.application; includeInIndex = 0; path = Voxxel.app; sourceTree = BUILT_PRODUCTS_DIR; };
		C7F2B3F0978DA729549309E2 /* Info.plist */ = {isa = PBXFileReference; lastKnownFileType = text.plist.info; path = Info.plist; sourceTree = "<group>"; };
		C7F4DC952B1CA01AC02CD56A /* AuthManager.swift */ = {isa = PBXFileReference; fileEncoding = 4; lastKnownFileType = sourcecode.swift; path = AuthManager.swift; sourceTree = "<group>"; };
		C7F85A582BD37DE8FE9ED213 /* VoxxelTests.xctest */ = {isa = PBXFileReference; explicitFileType = wrapper.cfbundle; includeInIndex = 0; path = VoxxelTests.xctest; sourceTree = BUILT_PRODUCTS_DIR; };
		C7F9BC796228217F0A943F9F /* VoxxelTests.swift */ = {isa = PBXFileReference; lastKnownFileType = sourcecode.swift; path = VoxxelTests.swift; sourceTree = "<group>"; };
		C7FA09A5D177650456FF4806 /* README.md */ = {isa = PBXFileReference; lastKnownFileType = file.md; path = README.md; sourceTree = "<group>"; };
		C7FC8CD49C6A25C71D24A37E /* LoginViewController.swift */ = {isa = PBXFileReference; fileEncoding = 4; lastKnownFileType = sourcecode.swift; path = LoginViewController.swift; sourceTree = "<group>"; };
		C7FD591EA60B4AA9EED49104 /* AppDelegate.swift */ = {isa = PBXFileReference; lastKnownFileType = sourcecode.swift; path = AppDelegate.swift; sourceTree = "<group>"; };
		C7FE2C7984B78BFF1ACFB25E /* Base */ = {isa = PBXFileReference; lastKnownFileType = file.storyboard; name = Base; path = Base.lproj/Main.storyboard; sourceTree = "<group>"; };
		C7FF6F5A425142898BDF04A0 /* ViewController.swift */ = {isa = PBXFileReference; lastKnownFileType = sourcecode.swift; path = ViewController.swift; sourceTree = "<group>"; };
		C7FFB27ECFE21F8B6288AB2A /* Images.xcassets */ = {isa = PBXFileReference; lastKnownFileType = folder.assetcatalog; path = Images.xcassets; sourceTree = "<group>"; };
		FB2F9A91B23FDB3F08C13C22 /* Pods-Voxxel.staging.xcconfig */ = {isa = PBXFileReference; includeInIndex = 1; lastKnownFileType = text.xcconfig; name = "Pods-Voxxel.staging.xcconfig"; path = "Pods/Target Support Files/Pods-Voxxel/Pods-Voxxel.staging.xcconfig"; sourceTree = "<group>"; };
/* End PBXFileReference section */

/* Begin PBXFrameworksBuildPhase section */
		C7F25A18E8C8F65FF54562EF /* Frameworks */ = {
			isa = PBXFrameworksBuildPhase;
			buildActionMask = 2147483647;
			files = (
			);
			runOnlyForDeploymentPostprocessing = 0;
		};
		C7F9A526DD3E8B8D7CAE5749 /* Frameworks */ = {
			isa = PBXFrameworksBuildPhase;
			buildActionMask = 2147483647;
			files = (
				183E106C673B3145022B1C62 /* Pods_Voxxel.framework in Frameworks */,
			);
			runOnlyForDeploymentPostprocessing = 0;
		};
/* End PBXFrameworksBuildPhase section */

/* Begin PBXGroup section */
		3908E1A4542664A51D19FFF7 /* Frameworks */ = {
			isa = PBXGroup;
			children = (
				24164DEBFD3F0F31AE84D169 /* Pods_Voxxel.framework */,
			);
			name = Frameworks;
			sourceTree = "<group>";
		};
		431AA00C1B2FA91400D52CC7 /* Api */ = {
			isa = PBXGroup;
			children = (
				C7F04D48D8D484008B84E4EE /* AccessTokenModel.swift */,
				431AA00D1B2FA94700D52CC7 /* AuthService.swift */,
				43FF93281B38D62900246A70 /* ArtistService.swift */,
				43FF932A1B3A648B00246A70 /* ApiHelper.swift */,
				43FF932C1B3A705900246A70 /* User.swift */,
				43FF932E1B3A75C600246A70 /* Artist.swift */,
				43FF93301B3A783300246A70 /* Sound.swift */,
			);
			name = Api;
			sourceTree = "<group>";
		};
		6EC2968E207749E8E17C9425 /* Pods */ = {
			isa = PBXGroup;
			children = (
				C19112CED7D9D4FC93362B84 /* Pods-Voxxel.development.xcconfig */,
				FB2F9A91B23FDB3F08C13C22 /* Pods-Voxxel.staging.xcconfig */,
				9E0565A60ADBE83E04E51E5E /* Pods-Voxxel.production.xcconfig */,
			);
			name = Pods;
			sourceTree = "<group>";
		};
		C7F22E33B5664ADE4327BEAD /* Supporting Files */ = {
			isa = PBXGroup;
			children = (
				C7F0DDB0D7D0E892DDE70CAB /* Info.plist */,
			);
			name = "Supporting Files";
			sourceTree = "<group>";
		};
		C7F36A46F306537020588D34 = {
			isa = PBXGroup;
			children = (
				C7FC27E7D1C54C8C1E1AD56B /* Products */,
				C7F9AEE74931C1435001F225 /* Voxxel */,
				C7FD53732A082C059691E765 /* VoxxelTests */,
				C7FA09A5D177650456FF4806 /* README.md */,
				6EC2968E207749E8E17C9425 /* Pods */,
				3908E1A4542664A51D19FFF7 /* Frameworks */,
			);
			sourceTree = "<group>";
		};
		C7F8722D7237EBD0AFACD615 /* Supporting Files */ = {
			isa = PBXGroup;
			children = (
				C7F2B3F0978DA729549309E2 /* Info.plist */,
				43E97AE91B294154004CC7ED /* DevelopmentConfig.plist */,
				43E97AEB1B294164004CC7ED /* StagingConfig.plist */,
				43E97AED1B294175004CC7ED /* ProductionConfig.plist */,
			);
			name = "Supporting Files";
			sourceTree = "<group>";
		};
		C7F9AEE74931C1435001F225 /* Voxxel */ = {
			isa = PBXGroup;
			children = (
				431AA00C1B2FA91400D52CC7 /* Api */,
				C7F8722D7237EBD0AFACD615 /* Supporting Files */,
				C7FFB27ECFE21F8B6288AB2A /* Images.xcassets */,
				C7FC5FED1C2FB0D9C0533A00 /* LaunchScreen.xib */,
				C7FD591EA60B4AA9EED49104 /* AppDelegate.swift */,
				C7FEC1F5F66422A22B6931CA /* Main.storyboard */,
				C7FF6F5A425142898BDF04A0 /* ViewController.swift */,
				C7F4DC952B1CA01AC02CD56A /* AuthManager.swift */,
				43E97AEF1B294F96004CC7ED /* Voxxel-Bridging-Header.h */,
				C7FC8CD49C6A25C71D24A37E /* LoginViewController.swift */,
				43FBC02A1B2DED4500B0094C /* SignupViewController.swift */,
				43FBF2271B312CD300E97C79 /* Config.swift */,
			);
			path = Voxxel;
			sourceTree = "<group>";
		};
		C7FC27E7D1C54C8C1E1AD56B /* Products */ = {
			isa = PBXGroup;
			children = (
				C7F15AB7AB917169771DF234 /* Voxxel.app */,
				C7F85A582BD37DE8FE9ED213 /* VoxxelTests.xctest */,
			);
			name = Products;
			sourceTree = "<group>";
		};
		C7FD53732A082C059691E765 /* VoxxelTests */ = {
			isa = PBXGroup;
			children = (
				C7F22E33B5664ADE4327BEAD /* Supporting Files */,
				C7F9BC796228217F0A943F9F /* VoxxelTests.swift */,
			);
			path = VoxxelTests;
			sourceTree = "<group>";
		};
/* End PBXGroup section */

/* Begin PBXNativeTarget section */
		C7F1E4C61CB0A9C4C1F40E97 /* Voxxel */ = {
			isa = PBXNativeTarget;
			buildConfigurationList = C7FC6D133A32DC9C365B1AB0 /* Build configuration list for PBXNativeTarget "Voxxel" */;
			buildPhases = (
				9AF3CAD4657033FA0A4B1666 /* Check Pods Manifest.lock */,
				C7FDF7B18C236ABF01AF0F9D /* Sources */,
				C7F9A526DD3E8B8D7CAE5749 /* Frameworks */,
				C7FDF68C7EB95ABA3EF3824E /* Resources */,
				2943E3735D8D3E9C8F4FD386 /* Embed Pods Frameworks */,
				C527EA52524DBD9AF37CDD6F /* Copy Pods Resources */,
			);
			buildRules = (
			);
			dependencies = (
			);
			name = Voxxel;
			productName = Voxxel;
			productReference = C7F15AB7AB917169771DF234 /* Voxxel.app */;
			productType = "com.apple.product-type.application";
		};
		C7FB30416CA8CD9C66F64D40 /* VoxxelTests */ = {
			isa = PBXNativeTarget;
			buildConfigurationList = C7FC8DEF335AAA92D9E52066 /* Build configuration list for PBXNativeTarget "VoxxelTests" */;
			buildPhases = (
				C7FFC100D3E7FFCA06CFF2DC /* Sources */,
				C7F25A18E8C8F65FF54562EF /* Frameworks */,
				C7FF1BD315E0D5FAC7E1C0D1 /* Resources */,
			);
			buildRules = (
			);
			dependencies = (
				C7F661F958C7446A755F9CB5 /* PBXTargetDependency */,
			);
			name = VoxxelTests;
			productName = VoxxelTests;
			productReference = C7F85A582BD37DE8FE9ED213 /* VoxxelTests.xctest */;
			productType = "com.apple.product-type.bundle.unit-test";
		};
/* End PBXNativeTarget section */

/* Begin PBXProject section */
		C7F4A6B2809577352AF0C92B /* Project object */ = {
			isa = PBXProject;
			attributes = {
				LastSwiftUpdateCheck = 0700;
				LastUpgradeCheck = 0630;
				ORGANIZATIONNAME = Voxxel;
			};
			buildConfigurationList = C7F7C5795E69F526A89E04E5 /* Build configuration list for PBXProject "Voxxel" */;
			compatibilityVersion = "Xcode 3.2";
			developmentRegion = English;
			hasScannedForEncodings = 0;
			knownRegions = (
				en,
			);
			mainGroup = C7F36A46F306537020588D34;
			productRefGroup = C7FC27E7D1C54C8C1E1AD56B /* Products */;
			projectDirPath = "";
			projectRoot = "";
			targets = (
				C7F1E4C61CB0A9C4C1F40E97 /* Voxxel */,
				C7FB30416CA8CD9C66F64D40 /* VoxxelTests */,
			);
		};
/* End PBXProject section */

/* Begin PBXResourcesBuildPhase section */
		C7FDF68C7EB95ABA3EF3824E /* Resources */ = {
			isa = PBXResourcesBuildPhase;
			buildActionMask = 2147483647;
			files = (
				C7F3B3D78915694EFCFD10BB /* Images.xcassets in Resources */,
				43E97AEE1B294175004CC7ED /* ProductionConfig.plist in Resources */,
				C7FD11C12246F2214CC7387B /* LaunchScreen.xib in Resources */,
				43E97AEC1B294164004CC7ED /* StagingConfig.plist in Resources */,
				C7FE34A036ACE77126808871 /* Main.storyboard in Resources */,
				43E97AEA1B294154004CC7ED /* DevelopmentConfig.plist in Resources */,
				C7FFB87E6BB653E9BD308AF9 /* README.md in Resources */,
			);
			runOnlyForDeploymentPostprocessing = 0;
		};
		C7FF1BD315E0D5FAC7E1C0D1 /* Resources */ = {
			isa = PBXResourcesBuildPhase;
			buildActionMask = 2147483647;
			files = (
			);
			runOnlyForDeploymentPostprocessing = 0;
		};
/* End PBXResourcesBuildPhase section */

/* Begin PBXShellScriptBuildPhase section */
		2943E3735D8D3E9C8F4FD386 /* Embed Pods Frameworks */ = {
			isa = PBXShellScriptBuildPhase;
			buildActionMask = 2147483647;
			files = (
			);
			inputPaths = (
			);
			name = "Embed Pods Frameworks";
			outputPaths = (
			);
			runOnlyForDeploymentPostprocessing = 0;
			shellPath = /bin/sh;
			shellScript = "\"${SRCROOT}/Pods/Target Support Files/Pods-Voxxel/Pods-Voxxel-frameworks.sh\"\n";
			showEnvVarsInLog = 0;
		};
		9AF3CAD4657033FA0A4B1666 /* Check Pods Manifest.lock */ = {
			isa = PBXShellScriptBuildPhase;
			buildActionMask = 2147483647;
			files = (
			);
			inputPaths = (
			);
			name = "Check Pods Manifest.lock";
			outputPaths = (
			);
			runOnlyForDeploymentPostprocessing = 0;
			shellPath = /bin/sh;
			shellScript = "diff \"${PODS_ROOT}/../Podfile.lock\" \"${PODS_ROOT}/Manifest.lock\" > /dev/null\nif [[ $? != 0 ]] ; then\n    cat << EOM\nerror: The sandbox is not in sync with the Podfile.lock. Run 'pod install' or update your CocoaPods installation.\nEOM\n    exit 1\nfi\n";
			showEnvVarsInLog = 0;
		};
		C527EA52524DBD9AF37CDD6F /* Copy Pods Resources */ = {
			isa = PBXShellScriptBuildPhase;
			buildActionMask = 2147483647;
			files = (
			);
			inputPaths = (
			);
			name = "Copy Pods Resources";
			outputPaths = (
			);
			runOnlyForDeploymentPostprocessing = 0;
			shellPath = /bin/sh;
			shellScript = "\"${SRCROOT}/Pods/Target Support Files/Pods-Voxxel/Pods-Voxxel-resources.sh\"\n";
			showEnvVarsInLog = 0;
		};
/* End PBXShellScriptBuildPhase section */

/* Begin PBXSourcesBuildPhase section */
		C7FDF7B18C236ABF01AF0F9D /* Sources */ = {
			isa = PBXSourcesBuildPhase;
			buildActionMask = 2147483647;
			files = (
				C7FEEB36656F4E3F09161E24 /* AppDelegate.swift in Sources */,
				C7FEA8B48D140BB55E2FBF7F /* ViewController.swift in Sources */,
				43FBC02B1B2DED4500B0094C /* SignupViewController.swift in Sources */,
				431AA00E1B2FA94700D52CC7 /* AuthService.swift in Sources */,
				43FF932B1B3A648B00246A70 /* ApiHelper.swift in Sources */,
				43E97AF01B294F96004CC7ED /* Voxxel-Bridging-Header.h in Sources */,
				C7F2D5F4A846B072F5C9029C /* AccessTokenModel.swift in Sources */,
				43FF93311B3A783300246A70 /* Sound.swift in Sources */,
				43FBF2281B312CD300E97C79 /* Config.swift in Sources */,
				C7F9978C698368E77344B62F /* AuthManager.swift in Sources */,
				43FF932F1B3A75C600246A70 /* Artist.swift in Sources */,
				43FF93291B38D62900246A70 /* ArtistService.swift in Sources */,
				43FF932D1B3A705900246A70 /* User.swift in Sources */,
				C7F2DE28E51370E1A52CA9A5 /* LoginViewController.swift in Sources */,
			);
			runOnlyForDeploymentPostprocessing = 0;
		};
		C7FFC100D3E7FFCA06CFF2DC /* Sources */ = {
			isa = PBXSourcesBuildPhase;
			buildActionMask = 2147483647;
			files = (
				C7F3EBC4AAC54631177E07B5 /* VoxxelTests.swift in Sources */,
			);
			runOnlyForDeploymentPostprocessing = 0;
		};
/* End PBXSourcesBuildPhase section */

/* Begin PBXTargetDependency section */
		C7F661F958C7446A755F9CB5 /* PBXTargetDependency */ = {
			isa = PBXTargetDependency;
			target = C7F1E4C61CB0A9C4C1F40E97 /* Voxxel */;
			targetProxy = C7F6FA7A564ED710E9502EC3 /* PBXContainerItemProxy */;
		};
/* End PBXTargetDependency section */

/* Begin PBXVariantGroup section */
		C7FC5FED1C2FB0D9C0533A00 /* LaunchScreen.xib */ = {
			isa = PBXVariantGroup;
			children = (
				C7F02D2D1857C9757EC91F44 /* Base */,
			);
			name = LaunchScreen.xib;
			sourceTree = "<group>";
		};
		C7FEC1F5F66422A22B6931CA /* Main.storyboard */ = {
			isa = PBXVariantGroup;
			children = (
				C7FE2C7984B78BFF1ACFB25E /* Base */,
			);
			name = Main.storyboard;
			sourceTree = "<group>";
		};
/* End PBXVariantGroup section */

/* Begin XCBuildConfiguration section */
		43E97AE61B29410C004CC7ED /* Production */ = {
			isa = XCBuildConfiguration;
			buildSettings = {
				ALWAYS_SEARCH_USER_PATHS = NO;
				ATS_DISABLED = NO;
				CLANG_CXX_LANGUAGE_STANDARD = "gnu++0x";
				CLANG_CXX_LIBRARY = "libc++";
				CLANG_ENABLE_MODULES = YES;
				CLANG_ENABLE_OBJC_ARC = YES;
				CLANG_WARN_BOOL_CONVERSION = YES;
				CLANG_WARN_CONSTANT_CONVERSION = YES;
				CLANG_WARN_DIRECT_OBJC_ISA_USAGE = YES_ERROR;
				CLANG_WARN_EMPTY_BODY = YES;
				CLANG_WARN_ENUM_CONVERSION = YES;
				CLANG_WARN_INT_CONVERSION = YES;
				CLANG_WARN_OBJC_ROOT_CLASS = YES_ERROR;
				CLANG_WARN_UNREACHABLE_CODE = YES;
				CLANG_WARN__DUPLICATE_METHOD_MATCH = YES;
				"CODE_SIGN_IDENTITY[sdk=iphoneos*]" = "iPhone Developer";
				COPY_PHASE_STRIP = NO;
				DEBUG_INFORMATION_FORMAT = "dwarf-with-dsym";
				ENABLE_NS_ASSERTIONS = NO;
				ENABLE_STRICT_OBJC_MSGSEND = YES;
				GCC_C_LANGUAGE_STANDARD = gnu99;
				GCC_NO_COMMON_BLOCKS = YES;
				GCC_WARN_64_TO_32_BIT_CONVERSION = YES;
				GCC_WARN_ABOUT_RETURN_TYPE = YES_ERROR;
				GCC_WARN_UNDECLARED_SELECTOR = YES;
				GCC_WARN_UNINITIALIZED_AUTOS = YES_AGGRESSIVE;
				GCC_WARN_UNUSED_FUNCTION = YES;
				GCC_WARN_UNUSED_VARIABLE = YES;
				IPHONEOS_DEPLOYMENT_TARGET = 8.3;
				MTL_ENABLE_DEBUG_INFO = NO;
				SDKROOT = iphoneos;
				SWIFT_INCLUDE_PATHS = "";
				SWIFT_OBJC_BRIDGING_HEADER = "Voxxel-Bridging-Header.h";
				TARGETED_DEVICE_FAMILY = "1,2";
				VALIDATE_PRODUCT = YES;
			};
			name = Production;
		};
		43E97AE71B29410C004CC7ED /* Production */ = {
			isa = XCBuildConfiguration;
			baseConfigurationReference = 9E0565A60ADBE83E04E51E5E /* Pods-Voxxel.production.xcconfig */;
			buildSettings = {
				ASSETCATALOG_COMPILER_APPICON_NAME = AppIcon;
				ATS_DISABLED = 0;
				CONFIG_PLIST = ProductionConfig;
				INFOPLIST_FILE = Voxxel/Info.plist;
				IPHONEOS_DEPLOYMENT_TARGET = 8.4;
				LD_RUNPATH_SEARCH_PATHS = "$(inherited) @executable_path/Frameworks";
				PRODUCT_NAME = "$(TARGET_NAME)";
				SWIFT_OBJC_BRIDGING_HEADER = "Voxxel-Bridging-Header.h";
			};
			name = Production;
		};
		43E97AE81B29410C004CC7ED /* Production */ = {
			isa = XCBuildConfiguration;
			buildSettings = {
				BUNDLE_LOADER = "$(BUILT_PRODUCTS_DIR)/Voxxel.app/Voxxel";
				FRAMEWORK_SEARCH_PATHS = (
					"$(SDKROOT)/Developer/Library/Frameworks",
					"$(inherited)",
				);
				INFOPLIST_FILE = VoxxelTests/Info.plist;
				LD_RUNPATH_SEARCH_PATHS = "$(inherited) @executable_path/Frameworks @loader_path/Frameworks";
				PRODUCT_NAME = "$(TARGET_NAME)";
				TEST_HOST = "$(BUNDLE_LOADER)";
			};
			name = Production;
		};
		C7F06E730FB425DB24BD92B1 /* Staging */ = {
			isa = XCBuildConfiguration;
			baseConfigurationReference = FB2F9A91B23FDB3F08C13C22 /* Pods-Voxxel.staging.xcconfig */;
			buildSettings = {
				ASSETCATALOG_COMPILER_APPICON_NAME = AppIcon;
				ATS_DISABLED = 0;
				CONFIG_PLIST = StagingConfig;
				INFOPLIST_FILE = Voxxel/Info.plist;
				IPHONEOS_DEPLOYMENT_TARGET = 8.4;
				LD_RUNPATH_SEARCH_PATHS = "$(inherited) @executable_path/Frameworks";
				PRODUCT_NAME = "$(TARGET_NAME)";
				SWIFT_OBJC_BRIDGING_HEADER = "Voxxel-Bridging-Header.h";
			};
			name = Staging;
		};
		C7F141540638A821B0868A8C /* Development */ = {
			isa = XCBuildConfiguration;
			baseConfigurationReference = C19112CED7D9D4FC93362B84 /* Pods-Voxxel.development.xcconfig */;
			buildSettings = {
				ASSETCATALOG_COMPILER_APPICON_NAME = AppIcon;
				ATS_DISABLED = 1;
				CONFIG_PLIST = DevelopmentConfig;
				INFOPLIST_FILE = Voxxel/Info.plist;
				IPHONEOS_DEPLOYMENT_TARGET = 8.4;
				LD_RUNPATH_SEARCH_PATHS = "$(inherited) @executable_path/Frameworks";
				PRODUCT_NAME = "$(TARGET_NAME)";
				SWIFT_OBJC_BRIDGING_HEADER = "Voxxel-Bridging-Header.h";
			};
			name = Development;
		};
		C7F377D2E634A1DC98E6C3CA /* Development */ = {
			isa = XCBuildConfiguration;
			buildSettings = {
				BUNDLE_LOADER = "$(BUILT_PRODUCTS_DIR)/Voxxel.app/Voxxel";
				FRAMEWORK_SEARCH_PATHS = (
					"$(SDKROOT)/Developer/Library/Frameworks",
					"$(inherited)",
				);
				INFOPLIST_FILE = VoxxelTests/Info.plist;
				LD_RUNPATH_SEARCH_PATHS = "$(inherited) @executable_path/Frameworks @loader_path/Frameworks";
				PRODUCT_NAME = "$(TARGET_NAME)";
				TEST_HOST = "$(BUNDLE_LOADER)";
			};
			name = Development;
		};
		C7F9B179756C802892116877 /* Development */ = {
			isa = XCBuildConfiguration;
			buildSettings = {
				ALWAYS_SEARCH_USER_PATHS = NO;
				ATS_DISABLED = YES;
				CLANG_CXX_LANGUAGE_STANDARD = "gnu++0x";
				CLANG_CXX_LIBRARY = "libc++";
				CLANG_ENABLE_MODULES = YES;
				CLANG_ENABLE_OBJC_ARC = YES;
				CLANG_WARN_BOOL_CONVERSION = YES;
				CLANG_WARN_CONSTANT_CONVERSION = YES;
				CLANG_WARN_DIRECT_OBJC_ISA_USAGE = YES_ERROR;
				CLANG_WARN_EMPTY_BODY = YES;
				CLANG_WARN_ENUM_CONVERSION = YES;
				CLANG_WARN_INT_CONVERSION = YES;
				CLANG_WARN_OBJC_ROOT_CLASS = YES_ERROR;
				CLANG_WARN_UNREACHABLE_CODE = YES;
				CLANG_WARN__DUPLICATE_METHOD_MATCH = YES;
				"CODE_SIGN_IDENTITY[sdk=iphoneos*]" = "iPhone Developer";
				COPY_PHASE_STRIP = NO;
				DEBUG_INFORMATION_FORMAT = "dwarf-with-dsym";
				ENABLE_STRICT_OBJC_MSGSEND = YES;
				GCC_C_LANGUAGE_STANDARD = gnu99;
				GCC_DYNAMIC_NO_PIC = NO;
				GCC_NO_COMMON_BLOCKS = YES;
				GCC_OPTIMIZATION_LEVEL = 0;
				GCC_PREPROCESSOR_DEFINITIONS = (
					"DEBUG=1",
					"$(inherited)",
				);
				GCC_SYMBOLS_PRIVATE_EXTERN = NO;
				GCC_WARN_64_TO_32_BIT_CONVERSION = YES;
				GCC_WARN_ABOUT_RETURN_TYPE = YES_ERROR;
				GCC_WARN_UNDECLARED_SELECTOR = YES;
				GCC_WARN_UNINITIALIZED_AUTOS = YES_AGGRESSIVE;
				GCC_WARN_UNUSED_FUNCTION = YES;
				GCC_WARN_UNUSED_VARIABLE = YES;
				IPHONEOS_DEPLOYMENT_TARGET = 8.3;
				MTL_ENABLE_DEBUG_INFO = YES;
				ONLY_ACTIVE_ARCH = YES;
				SDKROOT = iphoneos;
				SWIFT_INCLUDE_PATHS = "";
				SWIFT_OBJC_BRIDGING_HEADER = "Voxxel-Bridging-Header.h";
				SWIFT_OPTIMIZATION_LEVEL = "-Onone";
				TARGETED_DEVICE_FAMILY = "1,2";
			};
			name = Development;
		};
		C7FC0B973F559C146A9619B6 /* Staging */ = {
			isa = XCBuildConfiguration;
			buildSettings = {
				BUNDLE_LOADER = "$(BUILT_PRODUCTS_DIR)/Voxxel.app/Voxxel";
				FRAMEWORK_SEARCH_PATHS = (
					"$(SDKROOT)/Developer/Library/Frameworks",
					"$(inherited)",
				);
				INFOPLIST_FILE = VoxxelTests/Info.plist;
				LD_RUNPATH_SEARCH_PATHS = "$(inherited) @executable_path/Frameworks @loader_path/Frameworks";
				PRODUCT_NAME = "$(TARGET_NAME)";
				TEST_HOST = "$(BUNDLE_LOADER)";
			};
			name = Staging;
		};
		C7FCFD069BBDFFD7F2B9940A /* Staging */ = {
			isa = XCBuildConfiguration;
			buildSettings = {
				ALWAYS_SEARCH_USER_PATHS = NO;
				ATS_DISABLED = NO;
				CLANG_CXX_LANGUAGE_STANDARD = "gnu++0x";
				CLANG_CXX_LIBRARY = "libc++";
				CLANG_ENABLE_MODULES = YES;
				CLANG_ENABLE_OBJC_ARC = YES;
				CLANG_WARN_BOOL_CONVERSION = YES;
				CLANG_WARN_CONSTANT_CONVERSION = YES;
				CLANG_WARN_DIRECT_OBJC_ISA_USAGE = YES_ERROR;
				CLANG_WARN_EMPTY_BODY = YES;
				CLANG_WARN_ENUM_CONVERSION = YES;
				CLANG_WARN_INT_CONVERSION = YES;
				CLANG_WARN_OBJC_ROOT_CLASS = YES_ERROR;
				CLANG_WARN_UNREACHABLE_CODE = YES;
				CLANG_WARN__DUPLICATE_METHOD_MATCH = YES;
				"CODE_SIGN_IDENTITY[sdk=iphoneos*]" = "iPhone Developer";
				COPY_PHASE_STRIP = NO;
				DEBUG_INFORMATION_FORMAT = "dwarf-with-dsym";
				ENABLE_NS_ASSERTIONS = NO;
				ENABLE_STRICT_OBJC_MSGSEND = YES;
				GCC_C_LANGUAGE_STANDARD = gnu99;
				GCC_NO_COMMON_BLOCKS = YES;
				GCC_WARN_64_TO_32_BIT_CONVERSION = YES;
				GCC_WARN_ABOUT_RETURN_TYPE = YES_ERROR;
				GCC_WARN_UNDECLARED_SELECTOR = YES;
				GCC_WARN_UNINITIALIZED_AUTOS = YES_AGGRESSIVE;
				GCC_WARN_UNUSED_FUNCTION = YES;
				GCC_WARN_UNUSED_VARIABLE = YES;
				IPHONEOS_DEPLOYMENT_TARGET = 8.3;
				MTL_ENABLE_DEBUG_INFO = NO;
				SDKROOT = iphoneos;
				SWIFT_INCLUDE_PATHS = "";
				SWIFT_OBJC_BRIDGING_HEADER = "Voxxel-Bridging-Header.h";
				TARGETED_DEVICE_FAMILY = "1,2";
				VALIDATE_PRODUCT = YES;
			};
			name = Staging;
		};
/* End XCBuildConfiguration section */

/* Begin XCConfigurationList section */
		C7F7C5795E69F526A89E04E5 /* Build configuration list for PBXProject "Voxxel" */ = {
			isa = XCConfigurationList;
			buildConfigurations = (
				C7F9B179756C802892116877 /* Development */,
				C7FCFD069BBDFFD7F2B9940A /* Staging */,
				43E97AE61B29410C004CC7ED /* Production */,
			);
			defaultConfigurationIsVisible = 0;
			defaultConfigurationName = Staging;
		};
		C7FC6D133A32DC9C365B1AB0 /* Build configuration list for PBXNativeTarget "Voxxel" */ = {
			isa = XCConfigurationList;
			buildConfigurations = (
				C7F141540638A821B0868A8C /* Development */,
				C7F06E730FB425DB24BD92B1 /* Staging */,
				43E97AE71B29410C004CC7ED /* Production */,
			);
			defaultConfigurationIsVisible = 0;
			defaultConfigurationName = Staging;
		};
		C7FC8DEF335AAA92D9E52066 /* Build configuration list for PBXNativeTarget "VoxxelTests" */ = {
			isa = XCConfigurationList;
			buildConfigurations = (
				C7F377D2E634A1DC98E6C3CA /* Development */,
				C7FC0B973F559C146A9619B6 /* Staging */,
				43E97AE81B29410C004CC7ED /* Production */,
			);
			defaultConfigurationIsVisible = 0;
			defaultConfigurationName = Staging;
		};
/* End XCConfigurationList section */
	};
	rootObject = C7F4A6B2809577352AF0C92B /* Project object */;
}
